# This file is generated by running "yarn install" inside your project.
# Manual changes might be lost - proceed with caution!

__metadata:
  version: 6
  cacheKey: 8

"fflate@npm:^0.4.8":
  version: 0.4.8
  resolution: "fflate@npm:0.4.8"
  checksum: 29d8cbe44d5e7f53e7f5a160ac7f9cc025480c7b3bfd85c5f898cbe20dfa2dad4732daa534982664bf30b35896a90af44ea33ede5d94c5ffd1b8b0c0a0a56ca2
  languageName: node
  linkType: hard

"posthog-js@npm:^1.161.5":
  version: 1.161.5
  resolution: "posthog-js@npm:1.161.5"
  dependencies:
    fflate: ^0.4.8
    preact: ^10.19.3
    web-vitals: ^4.0.1
  checksum: e70f803404ed11b8665764901ac1c1ae55fb2b7276d1e068f5d87de8a637f808884312ee32a9f99fccaf22667216b651d46f1c9f24e5c3aa1ef3487a18e58801
  languageName: node
  linkType: hard

"preact@npm:^10.19.3":
  version: 10.24.0
  resolution: "preact@npm:10.24.0"
  checksum: bcc55910a159e534b1a1d07abb332854d31adfdab3236c81e5ec17e9650038735ccde36b5830b443c1a7b68a41918ba922c9711bf14430e7562e34b76f3a8ea0
  languageName: node
  linkType: hard

"vctr-posthog-test@workspace:.":
  version: 0.0.0-use.local
  resolution: "vctr-posthog-test@workspace:."
  dependencies:
    posthog-js: ^1.161.5
  languageName: unknown
  linkType: soft

"web-vitals@npm:^4.0.1":
  version: 4.2.3
  resolution: "web-vitals@npm:4.2.3"
  checksum: 6d916af95a93a7b12ef99e21fe6f6f914c23d6499e1389ceb197505e620e89faf7deaff1f2a3854a21e384d5fc9740a9cbfa7bba97902e184ddb95f54e3928c1
  languageName: node
  linkType: hard
